
Microsoft Visual Studio Solution File, Format Version 10.00
# Visual Studio 2008
Project("{FAE04EC0-301F-11D3-BF4B-00C04F79EFBC}") = "Skyscanner.Google.Analytics", "Google\Skyscanner.Google.Analytics.csproj", "{B4D1F9E9-184D-4570-8406-531897CD8CCD}"
EndProject
Global
	GlobalSection(SolutionConfigurationPlatforms) = preSolution
		Debug|Any CPU = Debug|Any CPU
		Release|Any CPU = Release|Any CPU
	EndGlobalSection
	GlobalSection(ProjectConfigurationPlatforms) = postSolution
		{B4D1F9E9-184D-4570-8406-531897CD8CCD}.Debug|Any CPU.ActiveCfg = Debug|Any CPU
		{B4D1F9E9-184D-4570-8406-531897CD8CCD}.Debug|Any CPU.Build.0 = Debug|Any CPU
		{B4D1F9E9-184D-4570-8406-531897CD8CCD}.Release|Any CPU.ActiveCfg = Release|Any CPU
		{B4D1F9E9-184D-4570-8406-531897CD8CCD}.Release|Any CPU.Build.0 = Release|Any CPU
	EndGlobalSection
	GlobalSection(SolutionProperties) = preSolution
		HideSolutionNode = FALSE
	EndGlobalSection
EndGlobal
